
Microsoft Visual Studio Solution File, Format Version 12.00
# Visual Studio 2013
VisualStudioVersion = 12.0.20623.1 VSUPREVIEW
MinimumVisualStudioVersion = 10.0.40219.1
Project("{FAE04EC0-301F-11D3-BF4B-00C04F79EFBC}") = "Iteration", "Iteration\Iteration.csproj", "{DABB2377-F0D1-4A1A-9C5F-87A5292B9868}"
EndProject
Project("{FAE04EC0-301F-11D3-BF4B-00C04F79EFBC}") = "ParentScope", "ParentScope\ParentScope.csproj", "{FC431281-3BFB-45EC-BEA7-21F5C0F96C5E}"
EndProject
Project("{FAE04EC0-301F-11D3-BF4B-00C04F79EFBC}") = "ClosureImplementationModel", "ClosureImplementationModel\ClosureImplementationModel.csproj", "{B2432C45-831C-4841-BF09-365A04D121E5}"
EndProject
Global
	GlobalSection(SolutionConfigurationPlatforms) = preSolution
		Debug|Any CPU = Debug|Any CPU
		Release|Any CPU = Release|Any CPU
	EndGlobalSection
	GlobalSection(ProjectConfigurationPlatforms) = postSolution
		{DABB2377-F0D1-4A1A-9C5F-87A5292B9868}.Debug|Any CPU.ActiveCfg = Debug|Any CPU
		{DABB2377-F0D1-4A1A-9C5F-87A5292B9868}.Debug|Any CPU.Build.0 = Debug|Any CPU
		{DABB2377-F0D1-4A1A-9C5F-87A5292B9868}.Release|Any CPU.ActiveCfg = Release|Any CPU
		{DABB2377-F0D1-4A1A-9C5F-87A5292B9868}.Release|Any CPU.Build.0 = Release|Any CPU
		{FC431281-3BFB-45EC-BEA7-21F5C0F96C5E}.Debug|Any CPU.ActiveCfg = Debug|Any CPU
		{FC431281-3BFB-45EC-BEA7-21F5C0F96C5E}.Debug|Any CPU.Build.0 = Debug|Any CPU
		{FC431281-3BFB-45EC-BEA7-21F5C0F96C5E}.Release|Any CPU.ActiveCfg = Release|Any CPU
		{FC431281-3BFB-45EC-BEA7-21F5C0F96C5E}.Release|Any CPU.Build.0 = Release|Any CPU
		{B2432C45-831C-4841-BF09-365A04D121E5}.Debug|Any CPU.ActiveCfg = Debug|Any CPU
		{B2432C45-831C-4841-BF09-365A04D121E5}.Debug|Any CPU.Build.0 = Debug|Any CPU
		{B2432C45-831C-4841-BF09-365A04D121E5}.Release|Any CPU.ActiveCfg = Release|Any CPU
		{B2432C45-831C-4841-BF09-365A04D121E5}.Release|Any CPU.Build.0 = Release|Any CPU
	EndGlobalSection
	GlobalSection(SolutionProperties) = preSolution
		HideSolutionNode = FALSE
	EndGlobalSection
EndGlobal
