
Microsoft Visual Studio Solution File, Format Version 12.00
# Visual Studio 2013
VisualStudioVersion = 12.0.20623.1 VSUPREVIEW
MinimumVisualStudioVersion = 10.0.40219.1
Project("{FAE04EC0-301F-11D3-BF4B-00C04F79EFBC}") = "Composition", "Composition\Composition.csproj", "{98E2099A-6F26-4372-836C-59C9F3DEC298}"
EndProject
Global
	GlobalSection(SolutionConfigurationPlatforms) = preSolution
		Debug|Any CPU = Debug|Any CPU
		Release|Any CPU = Release|Any CPU
	EndGlobalSection
	GlobalSection(ProjectConfigurationPlatforms) = postSolution
		{98E2099A-6F26-4372-836C-59C9F3DEC298}.Debug|Any CPU.ActiveCfg = Debug|Any CPU
		{98E2099A-6F26-4372-836C-59C9F3DEC298}.Debug|Any CPU.Build.0 = Debug|Any CPU
		{98E2099A-6F26-4372-836C-59C9F3DEC298}.Release|Any CPU.ActiveCfg = Release|Any CPU
		{98E2099A-6F26-4372-836C-59C9F3DEC298}.Release|Any CPU.Build.0 = Release|Any CPU
	EndGlobalSection
	GlobalSection(SolutionProperties) = preSolution
		HideSolutionNode = FALSE
	EndGlobalSection
EndGlobal
