
Microsoft Visual Studio Solution File, Format Version 12.00
# Visual Studio 2013
VisualStudioVersion = 12.0.20623.1 VSUPREVIEW
MinimumVisualStudioVersion = 10.0.40219.1
Project("{FAE04EC0-301F-11D3-BF4B-00C04F79EFBC}") = "ArithmeticOperation", "ArithmeticOperation\ArithmeticOperation.csproj", "{52D14313-6923-4815-B7AF-82C3CEC2E30C}"
EndProject
Project("{FAE04EC0-301F-11D3-BF4B-00C04F79EFBC}") = "Assignment", "Assignment\Assignment.csproj", "{EAD5BCA7-FF8C-4AC8-A79C-3B81486A7D2C}"
EndProject
Project("{FAE04EC0-301F-11D3-BF4B-00C04F79EFBC}") = "Comparison", "Comparison\Comparison.csproj", "{21EAD7B3-1FD4-4B5E-89CC-D668A0E64115}"
EndProject
Project("{FAE04EC0-301F-11D3-BF4B-00C04F79EFBC}") = "GetType", "GetType\GetType.csproj", "{FB52A24C-6C31-41ED-8E92-615570AD2D42}"
EndProject
Global
	GlobalSection(SolutionConfigurationPlatforms) = preSolution
		Debug|Any CPU = Debug|Any CPU
		Release|Any CPU = Release|Any CPU
	EndGlobalSection
	GlobalSection(ProjectConfigurationPlatforms) = postSolution
		{52D14313-6923-4815-B7AF-82C3CEC2E30C}.Debug|Any CPU.ActiveCfg = Debug|Any CPU
		{52D14313-6923-4815-B7AF-82C3CEC2E30C}.Debug|Any CPU.Build.0 = Debug|Any CPU
		{52D14313-6923-4815-B7AF-82C3CEC2E30C}.Release|Any CPU.ActiveCfg = Release|Any CPU
		{52D14313-6923-4815-B7AF-82C3CEC2E30C}.Release|Any CPU.Build.0 = Release|Any CPU
		{EAD5BCA7-FF8C-4AC8-A79C-3B81486A7D2C}.Debug|Any CPU.ActiveCfg = Debug|Any CPU
		{EAD5BCA7-FF8C-4AC8-A79C-3B81486A7D2C}.Debug|Any CPU.Build.0 = Debug|Any CPU
		{EAD5BCA7-FF8C-4AC8-A79C-3B81486A7D2C}.Release|Any CPU.ActiveCfg = Release|Any CPU
		{EAD5BCA7-FF8C-4AC8-A79C-3B81486A7D2C}.Release|Any CPU.Build.0 = Release|Any CPU
		{21EAD7B3-1FD4-4B5E-89CC-D668A0E64115}.Debug|Any CPU.ActiveCfg = Debug|Any CPU
		{21EAD7B3-1FD4-4B5E-89CC-D668A0E64115}.Debug|Any CPU.Build.0 = Debug|Any CPU
		{21EAD7B3-1FD4-4B5E-89CC-D668A0E64115}.Release|Any CPU.ActiveCfg = Release|Any CPU
		{21EAD7B3-1FD4-4B5E-89CC-D668A0E64115}.Release|Any CPU.Build.0 = Release|Any CPU
		{FB52A24C-6C31-41ED-8E92-615570AD2D42}.Debug|Any CPU.ActiveCfg = Debug|Any CPU
		{FB52A24C-6C31-41ED-8E92-615570AD2D42}.Debug|Any CPU.Build.0 = Debug|Any CPU
		{FB52A24C-6C31-41ED-8E92-615570AD2D42}.Release|Any CPU.ActiveCfg = Release|Any CPU
		{FB52A24C-6C31-41ED-8E92-615570AD2D42}.Release|Any CPU.Build.0 = Release|Any CPU
	EndGlobalSection
	GlobalSection(SolutionProperties) = preSolution
		HideSolutionNode = FALSE
	EndGlobalSection
EndGlobal
