
Microsoft Visual Studio Solution File, Format Version 12.00
# Visual Studio 2013
VisualStudioVersion = 12.0.20623.1 VSUPREVIEW
MinimumVisualStudioVersion = 10.0.40219.1
Project("{FAE04EC0-301F-11D3-BF4B-00C04F79EFBC}") = "ObservableObjects", "ObservableObjects\ObservableObjects.csproj", "{B2654233-019B-4412-80A0-3A6C6850034B}"
EndProject
Global
	GlobalSection(SolutionConfigurationPlatforms) = preSolution
		Debug|Any CPU = Debug|Any CPU
		Release|Any CPU = Release|Any CPU
	EndGlobalSection
	GlobalSection(ProjectConfigurationPlatforms) = postSolution
		{B2654233-019B-4412-80A0-3A6C6850034B}.Debug|Any CPU.ActiveCfg = Debug|Any CPU
		{B2654233-019B-4412-80A0-3A6C6850034B}.Debug|Any CPU.Build.0 = Debug|Any CPU
		{B2654233-019B-4412-80A0-3A6C6850034B}.Release|Any CPU.ActiveCfg = Release|Any CPU
		{B2654233-019B-4412-80A0-3A6C6850034B}.Release|Any CPU.Build.0 = Release|Any CPU
	EndGlobalSection
	GlobalSection(SolutionProperties) = preSolution
		HideSolutionNode = FALSE
	EndGlobalSection
EndGlobal
